
Microsoft Visual Studio Solution File, Format Version 12.00
# Visual Studio 2012
Project("{FAE04EC0-301F-11D3-BF4B-00C04F79EFBC}") = "SteamdotNet", "SteamdotNet.csproj", "{7D2B6D67-CE3A-4653-AC60-64AB68810811}"
EndProject
Project("{FAE04EC0-301F-11D3-BF4B-00C04F79EFBC}") = "SteamdotNet.Test", "..\SteamdotNet.Test\SteamdotNet.Test.csproj", "{6723B4CB-1A96-496D-B47A-0483460DEBCF}"
EndProject
Global
	GlobalSection(SolutionConfigurationPlatforms) = preSolution
		Debug|Any CPU = Debug|Any CPU
		Release|Any CPU = Release|Any CPU
	EndGlobalSection
	GlobalSection(ProjectConfigurationPlatforms) = postSolution
		{7D2B6D67-CE3A-4653-AC60-64AB68810811}.Debug|Any CPU.ActiveCfg = Debug|Any CPU
		{7D2B6D67-CE3A-4653-AC60-64AB68810811}.Debug|Any CPU.Build.0 = Debug|Any CPU
		{7D2B6D67-CE3A-4653-AC60-64AB68810811}.Release|Any CPU.ActiveCfg = Release|Any CPU
		{7D2B6D67-CE3A-4653-AC60-64AB68810811}.Release|Any CPU.Build.0 = Release|Any CPU
		{6723B4CB-1A96-496D-B47A-0483460DEBCF}.Debug|Any CPU.ActiveCfg = Debug|Any CPU
		{6723B4CB-1A96-496D-B47A-0483460DEBCF}.Debug|Any CPU.Build.0 = Debug|Any CPU
		{6723B4CB-1A96-496D-B47A-0483460DEBCF}.Release|Any CPU.ActiveCfg = Release|Any CPU
		{6723B4CB-1A96-496D-B47A-0483460DEBCF}.Release|Any CPU.Build.0 = Release|Any CPU
	EndGlobalSection
	GlobalSection(SolutionProperties) = preSolution
		HideSolutionNode = FALSE
	EndGlobalSection
EndGlobal
